{
  "requires": true,
  "lockfileVersion": 1,
  "dependencies": {
    "vue-info-card": {
      "version": "0.1.3",
      "resolved": "https://registry.npmjs.org/vue-info-card/-/vue-info-card-0.1.3.tgz",
      "integrity": "sha512-IR/V9kOMEhRhJOor+ohKL9RA7GGVFfkrTR8W2r7NLHupPWCeZkqDWDMdnmqUxdC/2gvMpYvMMmrAKHLULY2VNQ==",
      "requires": {
        "vuetrend": "^0.2.3"
      }
    },
    "vuetrend": {
      "version": "0.2.3",
      "resolved": "https://registry.npmjs.org/vuetrend/-/vuetrend-0.2.3.tgz",
      "integrity": "sha512-UABGhn/RbVWpI1mZLQz467o6LkQH6mXg1tPln6lfl5NjzU0HEAPQJK+UptbOzs+/JWewk+oU+alUqW4t/GzQ9Q=="
    }
  }
}
